
Microsoft Visual Studio Solution File, Format Version 12.00
# Visual Studio Version 17
VisualStudioVersion = 17.13.35825.156 d17.13
MinimumVisualStudioVersion = 10.0.40219.1
Project("{FAE04EC0-301F-11D3-BF4B-00C04F79EFBC}") = "Sem08", "Sem08\Sem08.csproj", "{BCE7AACA-E010-4D79-8199-0D570F61EF01}"
EndProject
Global
	GlobalSection(SolutionConfigurationPlatforms) = preSolution
		Debug|Any CPU = Debug|Any CPU
		Release|Any CPU = Release|Any CPU
	EndGlobalSection
	GlobalSection(ProjectConfigurationPlatforms) = postSolution
		{BCE7AACA-E010-4D79-8199-0D570F61EF01}.Debug|Any CPU.ActiveCfg = Debug|Any CPU
		{BCE7AACA-E010-4D79-8199-0D570F61EF01}.Debug|Any CPU.Build.0 = Debug|Any CPU
		{BCE7AACA-E010-4D79-8199-0D570F61EF01}.Release|Any CPU.ActiveCfg = Release|Any CPU
		{BCE7AACA-E010-4D79-8199-0D570F61EF01}.Release|Any CPU.Build.0 = Release|Any CPU
	EndGlobalSection
	GlobalSection(SolutionProperties) = preSolution
		HideSolutionNode = FALSE
	EndGlobalSection
	GlobalSection(ExtensibilityGlobals) = postSolution
		SolutionGuid = {341CBA39-1921-4543-9CCF-3EC683ACFC41}
	EndGlobalSection
EndGlobal
